
Microsoft Visual Studio Solution File, Format Version 12.00
# Visual Studio Version 16
VisualStudioVersion = 16.0.30002.166
MinimumVisualStudioVersion = 10.0.40219.1
Project("{9A19103F-16F7-4668-BE54-9A1E7A4F7556}") = "job4everyone.Web", "job4everyone.Web\job4everyone.Web.csproj", "{A70D5701-272F-4952-85C2-07CC512C0DDD}"
EndProject
Project("{9A19103F-16F7-4668-BE54-9A1E7A4F7556}") = "job4everyone.Models", "job4everyone.Models\job4everyone.Models.csproj", "{C908A24B-76CC-480C-9FCF-FF231674A570}"
EndProject
Project("{9A19103F-16F7-4668-BE54-9A1E7A4F7556}") = "job4everyone.Data", "job4everyone.Data\job4everyone.Data.csproj", "{3C218173-BF2B-4D10-8097-EDB30B0B88A5}"
EndProject
Project("{FAE04EC0-301F-11D3-BF4B-00C04F79EFBC}") = "job4everyone.Services", "job4everyone.Services\job4everyone.Services.csproj", "{B1144716-5782-49CD-9C45-9DBE6C1E8DA8}"
EndProject
Project("{FAE04EC0-301F-11D3-BF4B-00C04F79EFBC}") = "job4everyone.Services.Tests", "job4everyone.Services.Tests\job4everyone.Services.Tests.csproj", "{DD42FC3D-6B26-4A8A-B567-0606DBA7FEE4}"
EndProject
Global
	GlobalSection(SolutionConfigurationPlatforms) = preSolution
		Debug|Any CPU = Debug|Any CPU
		Release|Any CPU = Release|Any CPU
	EndGlobalSection
	GlobalSection(ProjectConfigurationPlatforms) = postSolution
		{A70D5701-272F-4952-85C2-07CC512C0DDD}.Debug|Any CPU.ActiveCfg = Debug|Any CPU
		{A70D5701-272F-4952-85C2-07CC512C0DDD}.Debug|Any CPU.Build.0 = Debug|Any CPU
		{A70D5701-272F-4952-85C2-07CC512C0DDD}.Release|Any CPU.ActiveCfg = Release|Any CPU
		{A70D5701-272F-4952-85C2-07CC512C0DDD}.Release|Any CPU.Build.0 = Release|Any CPU
		{C908A24B-76CC-480C-9FCF-FF231674A570}.Debug|Any CPU.ActiveCfg = Debug|Any CPU
		{C908A24B-76CC-480C-9FCF-FF231674A570}.Debug|Any CPU.Build.0 = Debug|Any CPU
		{C908A24B-76CC-480C-9FCF-FF231674A570}.Release|Any CPU.ActiveCfg = Release|Any CPU
		{C908A24B-76CC-480C-9FCF-FF231674A570}.Release|Any CPU.Build.0 = Release|Any CPU
		{3C218173-BF2B-4D10-8097-EDB30B0B88A5}.Debug|Any CPU.ActiveCfg = Debug|Any CPU
		{3C218173-BF2B-4D10-8097-EDB30B0B88A5}.Debug|Any CPU.Build.0 = Debug|Any CPU
		{3C218173-BF2B-4D10-8097-EDB30B0B88A5}.Release|Any CPU.ActiveCfg = Release|Any CPU
		{3C218173-BF2B-4D10-8097-EDB30B0B88A5}.Release|Any CPU.Build.0 = Release|Any CPU
		{B1144716-5782-49CD-9C45-9DBE6C1E8DA8}.Debug|Any CPU.ActiveCfg = Debug|Any CPU
		{B1144716-5782-49CD-9C45-9DBE6C1E8DA8}.Debug|Any CPU.Build.0 = Debug|Any CPU
		{B1144716-5782-49CD-9C45-9DBE6C1E8DA8}.Release|Any CPU.ActiveCfg = Release|Any CPU
		{B1144716-5782-49CD-9C45-9DBE6C1E8DA8}.Release|Any CPU.Build.0 = Release|Any CPU
		{DD42FC3D-6B26-4A8A-B567-0606DBA7FEE4}.Debug|Any CPU.ActiveCfg = Debug|Any CPU
		{DD42FC3D-6B26-4A8A-B567-0606DBA7FEE4}.Debug|Any CPU.Build.0 = Debug|Any CPU
		{DD42FC3D-6B26-4A8A-B567-0606DBA7FEE4}.Release|Any CPU.ActiveCfg = Release|Any CPU
		{DD42FC3D-6B26-4A8A-B567-0606DBA7FEE4}.Release|Any CPU.Build.0 = Release|Any CPU
	EndGlobalSection
	GlobalSection(SolutionProperties) = preSolution
		HideSolutionNode = FALSE
	EndGlobalSection
	GlobalSection(ExtensibilityGlobals) = postSolution
		SolutionGuid = {A6D3D202-D022-44AA-BBD2-98872FB9A198}
	EndGlobalSection
EndGlobal
